// !$*UTF8*$!
{
	archiveVersion = 1;
	classes = {
	};
	objectVersion = 77;
	objects = {

/* Begin PBXContainerItemProxy section */
		E422D2A82D0CA3F500D86E09 /* PBXContainerItemProxy */ = {
			isa = PBXContainerItemProxy;
			containerPortal = E422D28A2D0CA3F100D86E09 /* Project object */;
			proxyType = 1;
			remoteGlobalIDString = E422D2912D0CA3F100D86E09;
			remoteInfo = ImageAnomolyDetection;
		};
		E422D2B22D0CA3F500D86E09 /* PBXContainerItemProxy */ = {
			isa = PBXContainerItemProxy;
			containerPortal = E422D28A2D0CA3F100D86E09 /* Project object */;
			proxyType = 1;
			remoteGlobalIDString = E422D2912D0CA3F100D86E09;
			remoteInfo = ImageAnomolyDetection;
		};
/* End PBXContainerItemProxy section */

/* Begin PBXFileReference section */
		E422D2922D0CA3F100D86E09 /* ImageAnomolyDetection.app */ = {isa = PBXFileReference; explicitFileType = wrapper.application; includeInIndex = 0; path = ImageAnomolyDetection.app; sourceTree = BUILT_PRODUCTS_DIR; };
		E422D2A72D0CA3F500D86E09 /* ImageAnomolyDetectionTests.xctest */ = {isa = PBXFileReference; explicitFileType = wrapper.cfbundle; includeInIndex = 0; path = ImageAnomolyDetectionTests.xctest; sourceTree = BUILT_PRODUCTS_DIR; };
		E422D2B12D0CA3F500D86E09 /* ImageAnomolyDetectionUITests.xctest */ = {isa = PBXFileReference; explicitFileType = wrapper.cfbundle; includeInIndex = 0; path = ImageAnomolyDetectionUITests.xctest; sourceTree = BUILT_PRODUCTS_DIR; };
/* End PBXFileReference section */

/* Begin PBXFileSystemSynchronizedRootGroup section */
		E422D2942D0CA3F100D86E09 /* ImageAnomolyDetection */ = {
			isa = PBXFileSystemSynchronizedRootGroup;
			path = ImageAnomolyDetection;
			sourceTree = "<group>";
		};
		E422D2AA2D0CA3F500D86E09 /* ImageAnomolyDetectionTests */ = {
			isa = PBXFileSystemSynchronizedRootGroup;
			path = ImageAnomolyDetectionTests;
			sourceTree = "<group>";
		};
		E422D2B42D0CA3F500D86E09 /* ImageAnomolyDetectionUITests */ = {
			isa = PBXFileSystemSynchronizedRootGroup;
			path = ImageAnomolyDetectionUITests;
			sourceTree = "<group>";
		};
/* End PBXFileSystemSynchronizedRootGroup section */

/* Begin PBXFrameworksBuildPhase section */
		E422D28F2D0CA3F100D86E09 /* Frameworks */ = {
			isa = PBXFrameworksBuildPhase;
			buildActionMask = 2147483647;
			files = (
			);
			runOnlyForDeploymentPostprocessing = 0;
		};
		E422D2A42D0CA3F500D86E09 /* Frameworks */ = {
			isa = PBXFrameworksBuildPhase;
			buildActionMask = 2147483647;
			files = (
			);
			runOnlyForDeploymentPostprocessing = 0;
		};
		E422D2AE2D0CA3F500D86E09 /* Frameworks */ = {
			isa = PBXFrameworksBuildPhase;
			buildActionMask = 2147483647;
			files = (
			);
			runOnlyForDeploymentPostprocessing = 0;
		};
/* End PBXFrameworksBuildPhase section */

/* Begin PBXGroup section */
		E422D2892D0CA3F100D86E09 = {
			isa = PBXGroup;
			children = (
				E422D2942D0CA3F100D86E09 /* ImageAnomolyDetection */,
				E422D2AA2D0CA3F500D86E09 /* ImageAnomolyDetectionTests */,
				E422D2B42D0CA3F500D86E09 /* ImageAnomolyDetectionUITests */,
				E422D2932D0CA3F100D86E09 /* Products */,
			);
			sourceTree = "<group>";
		};
		E422D2932D0CA3F100D86E09 /* Products */ = {
			isa = PBXGroup;
			children = (
				E422D2922D0CA3F100D86E09 /* ImageAnomolyDetection.app */,
				E422D2A72D0CA3F500D86E09 /* ImageAnomolyDetectionTests.xctest */,
				E422D2B12D0CA3F500D86E09 /* ImageAnomolyDetectionUITests.xctest */,
			);
			name = Products;
			sourceTree = "<group>";
		};
/* End PBXGroup section */

/* Begin PBXNativeTarget section */
		E422D2912D0CA3F100D86E09 /* ImageAnomolyDetection */ = {
			isa = PBXNativeTarget;
			buildConfigurationList = E422D2BB2D0CA3F500D86E09 /* Build configuration list for PBXNativeTarget "ImageAnomolyDetection" */;
			buildPhases = (
				E422D28E2D0CA3F100D86E09 /* Sources */,
				E422D28F2D0CA3F100D86E09 /* Frameworks */,
				E422D2902D0CA3F100D86E09 /* Resources */,
			);
			buildRules = (
			);
			dependencies = (
			);
			fileSystemSynchronizedGroups = (
				E422D2942D0CA3F100D86E09 /* ImageAnomolyDetection */,
			);
			name = ImageAnomolyDetection;
			packageProductDependencies = (
			);
			productName = ImageAnomolyDetection;
			productReference = E422D2922D0CA3F100D86E09 /* ImageAnomolyDetection.app */;
			productType = "com.apple.product-type.application";
		};
		E422D2A62D0CA3F500D86E09 /* ImageAnomolyDetectionTests */ = {
			isa = PBXNativeTarget;
			buildConfigurationList = E422D2BE2D0CA3F500D86E09 /* Build configuration list for PBXNativeTarget "ImageAnomolyDetectionTests" */;
			buildPhases = (
				E422D2A32D0CA3F500D86E09 /* Sources */,
				E422D2A42D0CA3F500D86E09 /* Frameworks */,
				E422D2A52D0CA3F500D86E09 /* Resources */,
			);
			buildRules = (
			);
			dependencies = (
				E422D2A92D0CA3F500D86E09 /* PBXTargetDependency */,
			);
			fileSystemSynchronizedGroups = (
				E422D2AA2D0CA3F500D86E09 /* ImageAnomolyDetectionTests */,
			);
			name = ImageAnomolyDetectionTests;
			packageProductDependencies = (
			);
			productName = ImageAnomolyDetectionTests;
			productReference = E422D2A72D0CA3F500D86E09 /* ImageAnomolyDetectionTests.xctest */;
			productType = "com.apple.product-type.bundle.unit-test";
		};
		E422D2B02D0CA3F500D86E09 /* ImageAnomolyDetectionUITests */ = {
			isa = PBXNativeTarget;
			buildConfigurationList = E422D2C12D0CA3F500D86E09 /* Build configuration list for PBXNativeTarget "ImageAnomolyDetectionUITests" */;
			buildPhases = (
				E422D2AD2D0CA3F500D86E09 /* Sources */,
				E422D2AE2D0CA3F500D86E09 /* Frameworks */,
				E422D2AF2D0CA3F500D86E09 /* Resources */,
			);
			buildRules = (
			);
			dependencies = (
				E422D2B32D0CA3F500D86E09 /* PBXTargetDependency */,
			);
			fileSystemSynchronizedGroups = (
				E422D2B42D0CA3F500D86E09 /* ImageAnomolyDetectionUITests */,
			);
			name = ImageAnomolyDetectionUITests;
			packageProductDependencies = (
			);
			productName = ImageAnomolyDetectionUITests;
			productReference = E422D2B12D0CA3F500D86E09 /* ImageAnomolyDetectionUITests.xctest */;
			productType = "com.apple.product-type.bundle.ui-testing";
		};
/* End PBXNativeTarget section */

/* Begin PBXProject section */
		E422D28A2D0CA3F100D86E09 /* Project object */ = {
			isa = PBXProject;
			attributes = {
				BuildIndependentTargetsInParallel = 1;
				LastSwiftUpdateCheck = 1620;
				LastUpgradeCheck = 1620;
				TargetAttributes = {
					E422D2912D0CA3F100D86E09 = {
						CreatedOnToolsVersion = 16.2;
					};
					E422D2A62D0CA3F500D86E09 = {
						CreatedOnToolsVersion = 16.2;
						TestTargetID = E422D2912D0CA3F100D86E09;
					};
					E422D2B02D0CA3F500D86E09 = {
						CreatedOnToolsVersion = 16.2;
						TestTargetID = E422D2912D0CA3F100D86E09;
					};
				};
			};
			buildConfigurationList = E422D28D2D0CA3F100D86E09 /* Build configuration list for PBXProject "ImageAnomolyDetection" */;
			developmentRegion = en;
			hasScannedForEncodings = 0;
			knownRegions = (
				en,
				Base,
			);
			mainGroup = E422D2892D0CA3F100D86E09;
			minimizedProjectReferenceProxies = 1;
			preferredProjectObjectVersion = 77;
			productRefGroup = E422D2932D0CA3F100D86E09 /* Products */;
			projectDirPath = "";
			projectRoot = "";
			targets = (
				E422D2912D0CA3F100D86E09 /* ImageAnomolyDetection */,
				E422D2A62D0CA3F500D86E09 /* ImageAnomolyDetectionTests */,
				E422D2B02D0CA3F500D86E09 /* ImageAnomolyDetectionUITests */,
			);
		};
/* End PBXProject section */

/* Begin PBXResourcesBuildPhase section */
		E422D2902D0CA3F100D86E09 /* Resources */ = {
			isa = PBXResourcesBuildPhase;
			buildActionMask = 2147483647;
			files = (
			);
			runOnlyForDeploymentPostprocessing = 0;
		};
		E422D2A52D0CA3F500D86E09 /* Resources */ = {
			isa = PBXResourcesBuildPhase;
			buildActionMask = 2147483647;
			files = (
			);
			runOnlyForDeploymentPostprocessing = 0;
		};
		E422D2AF2D0CA3F500D86E09 /* Resources */ = {
			isa = PBXResourcesBuildPhase;
			buildActionMask = 2147483647;
			files = (
			);
			runOnlyForDeploymentPostprocessing = 0;
		};
/* End PBXResourcesBuildPhase section */

/* Begin PBXSourcesBuildPhase section */
		E422D28E2D0CA3F100D86E09 /* Sources */ = {
			isa = PBXSourcesBuildPhase;
			buildActionMask = 2147483647;
			files = (
			);
			runOnlyForDeploymentPostprocessing = 0;
		};
		E422D2A32D0CA3F500D86E09 /* Sources */ = {
			isa = PBXSourcesBuildPhase;
			buildActionMask = 2147483647;
			files = (
			);
			runOnlyForDeploymentPostprocessing = 0;
		};
		E422D2AD2D0CA3F500D86E09 /* Sources */ = {
			isa = PBXSourcesBuildPhase;
			buildActionMask = 2147483647;
			files = (
			);
			runOnlyForDeploymentPostprocessing = 0;
		};
/* End PBXSourcesBuildPhase section */

/* Begin PBXTargetDependency section */
		E422D2A92D0CA3F500D86E09 /* PBXTargetDependency */ = {
			isa = PBXTargetDependency;
			target = E422D2912D0CA3F100D86E09 /* ImageAnomolyDetection */;
			targetProxy = E422D2A82D0CA3F500D86E09 /* PBXContainerItemProxy */;
		};
		E422D2B32D0CA3F500D86E09 /* PBXTargetDependency */ = {
			isa = PBXTargetDependency;
			target = E422D2912D0CA3F100D86E09 /* ImageAnomolyDetection */;
			targetProxy = E422D2B22D0CA3F500D86E09 /* PBXContainerItemProxy */;
		};
/* End PBXTargetDependency section */

/* Begin XCBuildConfiguration section */
		E422D2B92D0CA3F500D86E09 /* Debug */ = {
			isa = XCBuildConfiguration;
			buildSettings = {
				ALWAYS_SEARCH_USER_PATHS = NO;
				ASSETCATALOG_COMPILER_GENERATE_SWIFT_ASSET_SYMBOL_EXTENSIONS = YES;
				CLANG_ANALYZER_NONNULL = YES;
				CLANG_ANALYZER_NUMBER_OBJECT_CONVERSION = YES_AGGRESSIVE;
				CLANG_CXX_LANGUAGE_STANDARD = "gnu++20";
				CLANG_ENABLE_MODULES = YES;
				CLANG_ENABLE_OBJC_ARC = YES;
				CLANG_ENABLE_OBJC_WEAK = YES;
				CLANG_WARN_BLOCK_CAPTURE_AUTORELEASING = YES;
				CLANG_WARN_BOOL_CONVERSION = YES;
				CLANG_WARN_COMMA = YES;
				CLANG_WARN_CONSTANT_CONVERSION = YES;
				CLANG_WARN_DEPRECATED_OBJC_IMPLEMENTATIONS = YES;
				CLANG_WARN_DIRECT_OBJC_ISA_USAGE = YES_ERROR;
				CLANG_WARN_DOCUMENTATION_COMMENTS = YES;
				CLANG_WARN_EMPTY_BODY = YES;
				CLANG_WARN_ENUM_CONVERSION = YES;
				CLANG_WARN_INFINITE_RECURSION = YES;
				CLANG_WARN_INT_CONVERSION = YES;
				CLANG_WARN_NON_LITERAL_NULL_CONVERSION = YES;
				CLANG_WARN_OBJC_IMPLICIT_RETAIN_SELF = YES;
				CLANG_WARN_OBJC_LITERAL_CONVERSION = YES;
				CLANG_WARN_OBJC_ROOT_CLASS = YES_ERROR;
				CLANG_WARN_QUOTED_INCLUDE_IN_FRAMEWORK_HEADER = YES;
				CLANG_WARN_RANGE_LOOP_ANALYSIS = YES;
				CLANG_WARN_STRICT_PROTOTYPES = YES;
				CLANG_WARN_SUSPICIOUS_MOVE = YES;
				CLANG_WARN_UNGUARDED_AVAILABILITY = YES_AGGRESSIVE;
				CLANG_WARN_UNREACHABLE_CODE = YES;
				CLANG_WARN__DUPLICATE_METHOD_MATCH = YES;
				COPY_PHASE_STRIP = NO;
				DEBUG_INFORMATION_FORMAT = dwarf;
				ENABLE_STRICT_OBJC_MSGSEND = YES;
				ENABLE_TESTABILITY = YES;
				ENABLE_USER_SCRIPT_SANDBOXING = YES;
				GCC_C_LANGUAGE_STANDARD = gnu17;
				GCC_DYNAMIC_NO_PIC = NO;
				GCC_NO_COMMON_BLOCKS = YES;
				GCC_OPTIMIZATION_LEVEL = 0;
				GCC_PREPROCESSOR_DEFINITIONS = (
					"DEBUG=1",
					"$(inherited)",
				);
				GCC_WARN_64_TO_32_BIT_CONVERSION = YES;
				GCC_WARN_ABOUT_RETURN_TYPE = YES_ERROR;
				GCC_WARN_UNDECLARED_SELECTOR = YES;
				GCC_WARN_UNINITIALIZED_AUTOS = YES_AGGRESSIVE;
				GCC_WARN_UNUSED_FUNCTION = YES;
				GCC_WARN_UNUSED_VARIABLE = YES;
				IPHONEOS_DEPLOYMENT_TARGET = 18.2;
				LOCALIZATION_PREFERS_STRING_CATALOGS = YES;
				MTL_ENABLE_DEBUG_INFO = INCLUDE_SOURCE;
				MTL_FAST_MATH = YES;
				ONLY_ACTIVE_ARCH = YES;
				SDKROOT = iphoneos;
				SWIFT_ACTIVE_COMPILATION_CONDITIONS = "DEBUG $(inherited)";
				SWIFT_OPTIMIZATION_LEVEL = "-Onone";
			};
			name = Debug;
		};
		E422D2BA2D0CA3F500D86E09 /* Release */ = {
			isa = XCBuildConfiguration;
			buildSettings = {
				ALWAYS_SEARCH_USER_PATHS = NO;
				ASSETCATALOG_COMPILER_GENERATE_SWIFT_ASSET_SYMBOL_EXTENSIONS = YES;
				CLANG_ANALYZER_NONNULL = YES;
				CLANG_ANALYZER_NUMBER_OBJECT_CONVERSION = YES_AGGRESSIVE;
				CLANG_CXX_LANGUAGE_STANDARD = "gnu++20";
				CLANG_ENABLE_MODULES = YES;
				CLANG_ENABLE_OBJC_ARC = YES;
				CLANG_ENABLE_OBJC_WEAK = YES;
				CLANG_WARN_BLOCK_CAPTURE_AUTORELEASING = YES;
				CLANG_WARN_BOOL_CONVERSION = YES;
				CLANG_WARN_COMMA = YES;
				CLANG_WARN_CONSTANT_CONVERSION = YES;
				CLANG_WARN_DEPRECATED_OBJC_IMPLEMENTATIONS = YES;
				CLANG_WARN_DIRECT_OBJC_ISA_USAGE = YES_ERROR;
				CLANG_WARN_DOCUMENTATION_COMMENTS = YES;
				CLANG_WARN_EMPTY_BODY = YES;
				CLANG_WARN_ENUM_CONVERSION = YES;
				CLANG_WARN_INFINITE_RECURSION = YES;
				CLANG_WARN_INT_CONVERSION = YES;
				CLANG_WARN_NON_LITERAL_NULL_CONVERSION = YES;
				CLANG_WARN_OBJC_IMPLICIT_RETAIN_SELF = YES;
				CLANG_WARN_OBJC_LITERAL_CONVERSION = YES;
				CLANG_WARN_OBJC_ROOT_CLASS = YES_ERROR;
				CLANG_WARN_QUOTED_INCLUDE_IN_FRAMEWORK_HEADER = YES;
				CLANG_WARN_RANGE_LOOP_ANALYSIS = YES;
				CLANG_WARN_STRICT_PROTOTYPES = YES;
				CLANG_WARN_SUSPICIOUS_MOVE = YES;
				CLANG_WARN_UNGUARDED_AVAILABILITY = YES_AGGRESSIVE;
				CLANG_WARN_UNREACHABLE_CODE = YES;
				CLANG_WARN__DUPLICATE_METHOD_MATCH = YES;
				COPY_PHASE_STRIP = NO;
				DEBUG_INFORMATION_FORMAT = "dwarf-with-dsym";
				ENABLE_NS_ASSERTIONS = NO;
				ENABLE_STRICT_OBJC_MSGSEND = YES;
				ENABLE_USER_SCRIPT_SANDBOXING = YES;
				GCC_C_LANGUAGE_STANDARD = gnu17;
				GCC_NO_COMMON_BLOCKS = YES;
				GCC_WARN_64_TO_32_BIT_CONVERSION = YES;
				GCC_WARN_ABOUT_RETURN_TYPE = YES_ERROR;
				GCC_WARN_UNDECLARED_SELECTOR = YES;
				GCC_WARN_UNINITIALIZED_AUTOS = YES_AGGRESSIVE;
				GCC_WARN_UNUSED_FUNCTION = YES;
				GCC_WARN_UNUSED_VARIABLE = YES;
				IPHONEOS_DEPLOYMENT_TARGET = 18.2;
				LOCALIZATION_PREFERS_STRING_CATALOGS = YES;
				MTL_ENABLE_DEBUG_INFO = NO;
				MTL_FAST_MATH = YES;
				SDKROOT = iphoneos;
				SWIFT_COMPILATION_MODE = wholemodule;
				VALIDATE_PRODUCT = YES;
			};
			name = Release;
		};
		E422D2BC2D0CA3F500D86E09 /* Debug */ = {
			isa = XCBuildConfiguration;
			buildSettings = {
				ASSETCATALOG_COMPILER_APPICON_NAME = AppIcon;
				ASSETCATALOG_COMPILER_GLOBAL_ACCENT_COLOR_NAME = AccentColor;
				CODE_SIGN_STYLE = Automatic;
				CURRENT_PROJECT_VERSION = 1;
				DEVELOPMENT_ASSET_PATHS = "\"ImageAnomolyDetection/Preview Content\"";
				ENABLE_PREVIEWS = YES;
				GENERATE_INFOPLIST_FILE = YES;
				INFOPLIST_KEY_UIApplicationSceneManifest_Generation = YES;
				INFOPLIST_KEY_UIApplicationSupportsIndirectInputEvents = YES;
				INFOPLIST_KEY_UILaunchScreen_Generation = YES;
				INFOPLIST_KEY_UISupportedInterfaceOrientations_iPad = "UIInterfaceOrientationPortrait UIInterfaceOrientationPortraitUpsideDown UIInterfaceOrientationLandscapeLeft UIInterfaceOrientationLandscapeRight";
				INFOPLIST_KEY_UISupportedInterfaceOrientations_iPhone = "UIInterfaceOrientationPortrait UIInterfaceOrientationLandscapeLeft UIInterfaceOrientationLandscapeRight";
				LD_RUNPATH_SEARCH_PATHS = (
					"$(inherited)",
					"@executable_path/Frameworks",
				);
				MARKETING_VERSION = 1.0;
				PRODUCT_BUNDLE_IDENTIFIER = some.ImageAnomolyDetection;
				PRODUCT_NAME = "$(TARGET_NAME)";
				SWIFT_EMIT_LOC_STRINGS = YES;
				SWIFT_VERSION = 5.0;
				TARGETED_DEVICE_FAMILY = "1,2";
			};
			name = Debug;
		};
		E422D2BD2D0CA3F500D86E09 /* Release */ = {
			isa = XCBuildConfiguration;
			buildSettings = {
				ASSETCATALOG_COMPILER_APPICON_NAME = AppIcon;
				ASSETCATALOG_COMPILER_GLOBAL_ACCENT_COLOR_NAME = AccentColor;
				CODE_SIGN_STYLE = Automatic;
				CURRENT_PROJECT_VERSION = 1;
				DEVELOPMENT_ASSET_PATHS = "\"ImageAnomolyDetection/Preview Content\"";
				ENABLE_PREVIEWS = YES;
				GENERATE_INFOPLIST_FILE = YES;
				INFOPLIST_KEY_UIApplicationSceneManifest_Generation = YES;
				INFOPLIST_KEY_UIApplicationSupportsIndirectInputEvents = YES;
				INFOPLIST_KEY_UILaunchScreen_Generation = YES;
				INFOPLIST_KEY_UISupportedInterfaceOrientations_iPad = "UIInterfaceOrientationPortrait UIInterfaceOrientationPortraitUpsideDown UIInterfaceOrientationLandscapeLeft UIInterfaceOrientationLandscapeRight";
				INFOPLIST_KEY_UISupportedInterfaceOrientations_iPhone = "UIInterfaceOrientationPortrait UIInterfaceOrientationLandscapeLeft UIInterfaceOrientationLandscapeRight";
				LD_RUNPATH_SEARCH_PATHS = (
					"$(inherited)",
					"@executable_path/Frameworks",
				);
				MARKETING_VERSION = 1.0;
				PRODUCT_BUNDLE_IDENTIFIER = some.ImageAnomolyDetection;
				PRODUCT_NAME = "$(TARGET_NAME)";
				SWIFT_EMIT_LOC_STRINGS = YES;
				SWIFT_VERSION = 5.0;
				TARGETED_DEVICE_FAMILY = "1,2";
			};
			name = Release;
		};
		E422D2BF2D0CA3F500D86E09 /* Debug */ = {
			isa = XCBuildConfiguration;
			buildSettings = {
				BUNDLE_LOADER = "$(TEST_HOST)";
				CODE_SIGN_STYLE = Automatic;
				CURRENT_PROJECT_VERSION = 1;
				GENERATE_INFOPLIST_FILE = YES;
				IPHONEOS_DEPLOYMENT_TARGET = 18.2;
				MARKETING_VERSION = 1.0;
				PRODUCT_BUNDLE_IDENTIFIER = some.ImageAnomolyDetectionTests;
				PRODUCT_NAME = "$(TARGET_NAME)";
				SWIFT_EMIT_LOC_STRINGS = NO;
				SWIFT_VERSION = 5.0;
				TARGETED_DEVICE_FAMILY = "1,2";
				TEST_HOST = "$(BUILT_PRODUCTS_DIR)/ImageAnomolyDetection.app/$(BUNDLE_EXECUTABLE_FOLDER_PATH)/ImageAnomolyDetection";
			};
			name = Debug;
		};
		E422D2C02D0CA3F500D86E09 /* Release */ = {
			isa = XCBuildConfiguration;
			buildSettings = {
				BUNDLE_LOADER = "$(TEST_HOST)";
				CODE_SIGN_STYLE = Automatic;
				CURRENT_PROJECT_VERSION = 1;
				GENERATE_INFOPLIST_FILE = YES;
				IPHONEOS_DEPLOYMENT_TARGET = 18.2;
				MARKETING_VERSION = 1.0;
				PRODUCT_BUNDLE_IDENTIFIER = some.ImageAnomolyDetectionTests;
				PRODUCT_NAME = "$(TARGET_NAME)";
				SWIFT_EMIT_LOC_STRINGS = NO;
				SWIFT_VERSION = 5.0;
				TARGETED_DEVICE_FAMILY = "1,2";
				TEST_HOST = "$(BUILT_PRODUCTS_DIR)/ImageAnomolyDetection.app/$(BUNDLE_EXECUTABLE_FOLDER_PATH)/ImageAnomolyDetection";
			};
			name = Release;
		};
		E422D2C22D0CA3F500D86E09 /* Debug */ = {
			isa = XCBuildConfiguration;
			buildSettings = {
				CODE_SIGN_STYLE = Automatic;
				CURRENT_PROJECT_VERSION = 1;
				GENERATE_INFOPLIST_FILE = YES;
				MARKETING_VERSION = 1.0;
				PRODUCT_BUNDLE_IDENTIFIER = some.ImageAnomolyDetectionUITests;
				PRODUCT_NAME = "$(TARGET_NAME)";
				SWIFT_EMIT_LOC_STRINGS = NO;
				SWIFT_VERSION = 5.0;
				TARGETED_DEVICE_FAMILY = "1,2";
				TEST_TARGET_NAME = ImageAnomolyDetection;
			};
			name = Debug;
		};
		E422D2C32D0CA3F500D86E09 /* Release */ = {
			isa = XCBuildConfiguration;
			buildSettings = {
				CODE_SIGN_STYLE = Automatic;
				CURRENT_PROJECT_VERSION = 1;
				GENERATE_INFOPLIST_FILE = YES;
				MARKETING_VERSION = 1.0;
				PRODUCT_BUNDLE_IDENTIFIER = some.ImageAnomolyDetectionUITests;
				PRODUCT_NAME = "$(TARGET_NAME)";
				SWIFT_EMIT_LOC_STRINGS = NO;
				SWIFT_VERSION = 5.0;
				TARGETED_DEVICE_FAMILY = "1,2";
				TEST_TARGET_NAME = ImageAnomolyDetection;
			};
			name = Release;
		};
/* End XCBuildConfiguration section */

/* Begin XCConfigurationList section */
		E422D28D2D0CA3F100D86E09 /* Build configuration list for PBXProject "ImageAnomolyDetection" */ = {
			isa = XCConfigurationList;
			buildConfigurations = (
				E422D2B92D0CA3F500D86E09 /* Debug */,
				E422D2BA2D0CA3F500D86E09 /* Release */,
			);
			defaultConfigurationIsVisible = 0;
			defaultConfigurationName = Release;
		};
		E422D2BB2D0CA3F500D86E09 /* Build configuration list for PBXNativeTarget "ImageAnomolyDetection" */ = {
			isa = XCConfigurationList;
			buildConfigurations = (
				E422D2BC2D0CA3F500D86E09 /* Debug */,
				E422D2BD2D0CA3F500D86E09 /* Release */,
			);
			defaultConfigurationIsVisible = 0;
			defaultConfigurationName = Release;
		};
		E422D2BE2D0CA3F500D86E09 /* Build configuration list for PBXNativeTarget "ImageAnomolyDetectionTests" */ = {
			isa = XCConfigurationList;
			buildConfigurations = (
				E422D2BF2D0CA3F500D86E09 /* Debug */,
				E422D2C02D0CA3F500D86E09 /* Release */,
			);
			defaultConfigurationIsVisible = 0;
			defaultConfigurationName = Release;
		};
		E422D2C12D0CA3F500D86E09 /* Build configuration list for PBXNativeTarget "ImageAnomolyDetectionUITests" */ = {
			isa = XCConfigurationList;
			buildConfigurations = (
				E422D2C22D0CA3F500D86E09 /* Debug */,
				E422D2C32D0CA3F500D86E09 /* Release */,
			);
			defaultConfigurationIsVisible = 0;
			defaultConfigurationName = Release;
		};
/* End XCConfigurationList section */
	};
	rootObject = E422D28A2D0CA3F100D86E09 /* Project object */;
}
